
Microsoft Visual Studio Solution File, Format Version 12.00
# Visual Studio Version 17
VisualStudioVersion = 17.5.33530.505
MinimumVisualStudioVersion = 10.0.40219.1
Project("{FAE04EC0-301F-11D3-BF4B-00C04F79EFBC}") = "Gestione_CSV", "Gestione_CSV\Gestione_CSV.csproj", "{C2D8C496-2814-4216-88BE-B4A7C38E2916}"
EndProject
Project("{2150E333-8FDC-42A3-9474-1A3956D46DE8}") = "Elementi di soluzione", "Elementi di soluzione", "{D9135385-85BD-4CA0-B1C7-E7DD27F63869}"
	ProjectSection(SolutionItems) = preProject
		..\..\ClassLibrary1\ClassLibrary1.sln = ..\..\ClassLibrary1\ClassLibrary1.sln
		FunzioniCSV.cs = FunzioniCSV.cs
	EndProjectSection
EndProject
Global
	GlobalSection(SolutionConfigurationPlatforms) = preSolution
		Debug|Any CPU = Debug|Any CPU
		Release|Any CPU = Release|Any CPU
	EndGlobalSection
	GlobalSection(ProjectConfigurationPlatforms) = postSolution
		{C2D8C496-2814-4216-88BE-B4A7C38E2916}.Debug|Any CPU.ActiveCfg = Debug|Any CPU
		{C2D8C496-2814-4216-88BE-B4A7C38E2916}.Debug|Any CPU.Build.0 = Debug|Any CPU
		{C2D8C496-2814-4216-88BE-B4A7C38E2916}.Release|Any CPU.ActiveCfg = Release|Any CPU
		{C2D8C496-2814-4216-88BE-B4A7C38E2916}.Release|Any CPU.Build.0 = Release|Any CPU
	EndGlobalSection
	GlobalSection(SolutionProperties) = preSolution
		HideSolutionNode = FALSE
	EndGlobalSection
	GlobalSection(ExtensibilityGlobals) = postSolution
		SolutionGuid = {94F92B54-45AC-4FD6-AF45-F5B932AC15E9}
	EndGlobalSection
EndGlobal
